
Microsoft Visual Studio Solution File, Format Version 12.00
# Visual Studio Version 16
VisualStudioVersion = 25.0.1706.11
MinimumVisualStudioVersion = 10.0.40219.1
Project("{FAE04EC0-301F-11D3-BF4B-00C04F79EFBC}") = "Curs9T", "Curs9T.csproj", "{BC0EC328-80E1-49B1-AA09-2008E3B103BC}"
EndProject
Global
	GlobalSection(SolutionConfigurationPlatforms) = preSolution
		Debug|Any CPU = Debug|Any CPU
		Release|Any CPU = Release|Any CPU
	EndGlobalSection
	GlobalSection(ProjectConfigurationPlatforms) = postSolution
		{BC0EC328-80E1-49B1-AA09-2008E3B103BC}.Debug|Any CPU.ActiveCfg = Debug|Any CPU
		{BC0EC328-80E1-49B1-AA09-2008E3B103BC}.Debug|Any CPU.Build.0 = Debug|Any CPU
		{BC0EC328-80E1-49B1-AA09-2008E3B103BC}.Release|Any CPU.ActiveCfg = Release|Any CPU
		{BC0EC328-80E1-49B1-AA09-2008E3B103BC}.Release|Any CPU.Build.0 = Release|Any CPU
	EndGlobalSection
	GlobalSection(SolutionProperties) = preSolution
		HideSolutionNode = FALSE
	EndGlobalSection
	GlobalSection(ExtensibilityGlobals) = postSolution
		SolutionGuid = {4C3DAA2B-00C7-4E27-97CB-39F6F57B2197}
	EndGlobalSection
EndGlobal
